
Microsoft Visual Studio Solution File, Format Version 12.00
# Visual Studio Version 17
VisualStudioVersion = 17.5.33424.131
MinimumVisualStudioVersion = 10.0.40219.1
Project("{FAE04EC0-301F-11D3-BF4B-00C04F79EFBC}") = "Slut_Arbete", "Slut_Arbete\Slut_Arbete.csproj", "{15E448FD-EC81-4C16-B752-8702CC4D1426}"
EndProject
Global
	GlobalSection(SolutionConfigurationPlatforms) = preSolution
		Debug|Any CPU = Debug|Any CPU
		Release|Any CPU = Release|Any CPU
	EndGlobalSection
	GlobalSection(ProjectConfigurationPlatforms) = postSolution
		{15E448FD-EC81-4C16-B752-8702CC4D1426}.Debug|Any CPU.ActiveCfg = Debug|Any CPU
		{15E448FD-EC81-4C16-B752-8702CC4D1426}.Debug|Any CPU.Build.0 = Debug|Any CPU
		{15E448FD-EC81-4C16-B752-8702CC4D1426}.Release|Any CPU.ActiveCfg = Release|Any CPU
		{15E448FD-EC81-4C16-B752-8702CC4D1426}.Release|Any CPU.Build.0 = Release|Any CPU
	EndGlobalSection
	GlobalSection(SolutionProperties) = preSolution
		HideSolutionNode = FALSE
	EndGlobalSection
	GlobalSection(ExtensibilityGlobals) = postSolution
		SolutionGuid = {F2C9AE25-1F85-4743-8CDA-F5453E8B1509}
	EndGlobalSection
EndGlobal
